
Microsoft Visual Studio Solution File, Format Version 12.00
# Visual Studio Version 17
VisualStudioVersion = 17.2.32602.215
MinimumVisualStudioVersion = 10.0.40219.1
Project("{9A19103F-16F7-4668-BE54-9A1E7A4F7556}") = "EmailChecker", "EmailChecker\EmailChecker\EmailChecker.csproj", "{45D2BFCB-2525-42B6-9324-B8C6479C89CE}"
EndProject
Project("{9A19103F-16F7-4668-BE54-9A1E7A4F7556}") = "CheckForLocation", "CheckForLocation\CheckForLocation.csproj", "{B3C35471-E2FA-48B5-83CA-0B73B458200C}"
EndProject
Project("{9A19103F-16F7-4668-BE54-9A1E7A4F7556}") = "Email2CXM", "Email2CXM\Email2CXM.csproj", "{B7232537-6D5F-4740-A0C0-D69421FD57ED}"
EndProject
Project("{9A19103F-16F7-4668-BE54-9A1E7A4F7556}") = "UploadFile2CXM", "UploadFile2CXM\UploadFile2CXM.csproj", "{824B225B-3447-4BCF-9869-FE7A8942E5F5}"
EndProject
Project("{9A19103F-16F7-4668-BE54-9A1E7A4F7556}") = "PutInitialContact", "PutInitialContact\PutInitialContact.csproj", "{610EB7FA-9D7D-409A-AC34-A16ACBADEFB5}"
EndProject
Project("{9A19103F-16F7-4668-BE54-9A1E7A4F7556}") = "GetService", "GetService\GetService.csproj", "{9FCA52A9-6E29-4150-B3D5-7FC434BAEBD3}"
EndProject
Project("{9A19103F-16F7-4668-BE54-9A1E7A4F7556}") = "GetFAQResponse", "GetFAQResponse\GetFAQResponse.csproj", "{CE0F9B82-C0A3-4C0A-B5E7-9FC5FBE6343A}"
EndProject
Project("{9A19103F-16F7-4668-BE54-9A1E7A4F7556}") = "SendEmail", "SendEmail\SendEmail.csproj", "{79FA7090-2157-4353-A46E-B758901DA136}"
EndProject
Project("{9A19103F-16F7-4668-BE54-9A1E7A4F7556}") = "UnitaryForward", "UnitaryForward\UnitaryForward.csproj", "{33CFD171-DBD2-470A-AA1F-E880592417EF}"
EndProject
Project("{9A19103F-16F7-4668-BE54-9A1E7A4F7556}") = "TransferCaseViaEmail", "TransferCaseViaEmail\TransferCaseViaEmail.csproj", "{6C51B210-CF46-4252-871F-1FB9F3B6446B}"
EndProject
Project("{2150E333-8FDC-42A3-9474-1A3956D46DE8}") = "ChatBot", "ChatBot", "{BBA02F4B-F708-4E64-AA69-BEE7078EC803}"
EndProject
Project("{2150E333-8FDC-42A3-9474-1A3956D46DE8}") = "MailBot", "MailBot", "{3C0B887B-B90B-4031-A07E-DB8D36A7D4B6}"
EndProject
Project("{9A19103F-16F7-4668-BE54-9A1E7A4F7556}") = "SkeletonLambda", "SkeletonLambda\SkeletonLambda.csproj", "{267A1BAD-E1C4-44CC-B8D0-C4C9DCA4947D}"
EndProject
Project("{9A19103F-16F7-4668-BE54-9A1E7A4F7556}") = "SendResponseToCustomer", "SendResponseToCustomer\SendResponseToCustomer.csproj", "{17B65181-B733-4F3A-8180-BF3DD4B31321}"
EndProject
Project("{2150E333-8FDC-42A3-9474-1A3956D46DE8}") = "Notifications", "Notifications", "{BF22D254-B53F-4094-8A08-433997D954A7}"
EndProject
Project("{9A19103F-16F7-4668-BE54-9A1E7A4F7556}") = "NotifyViaSMS", "NotifyViaSMS\NotifyViaSMS.csproj", "{C264333D-866F-4854-88F7-1E7FA900F73B}"
EndProject
Project("{9A19103F-16F7-4668-BE54-9A1E7A4F7556}") = "NotifyViaSMS.Tests", "NotifyViaSMS.Tests\NotifyViaSMS.Tests.csproj", "{84545C25-F73A-48FD-A944-5E75468A7574}"
EndProject
Project("{9A19103F-16F7-4668-BE54-9A1E7A4F7556}") = "GetSentiment", "GetSentiment\GetSentiment.csproj", "{8032269A-B489-4063-926A-361075391C60}"
EndProject
Project("{9A19103F-16F7-4668-BE54-9A1E7A4F7556}") = "Norbert", "Norbert\Norbert.csproj", "{98439555-32AC-48B9-BAF0-24A003A4DEC8}"
EndProject
Project("{9A19103F-16F7-4668-BE54-9A1E7A4F7556}") = "Temp", "Temp\Temp.csproj", "{C750ACB8-A632-4148-BBC0-9A1BCC9E9E45}"
EndProject
Global
	GlobalSection(SolutionConfigurationPlatforms) = preSolution
		Debug|Any CPU = Debug|Any CPU
		Release|Any CPU = Release|Any CPU
	EndGlobalSection
	GlobalSection(ProjectConfigurationPlatforms) = postSolution
		{45D2BFCB-2525-42B6-9324-B8C6479C89CE}.Debug|Any CPU.ActiveCfg = Debug|Any CPU
		{45D2BFCB-2525-42B6-9324-B8C6479C89CE}.Debug|Any CPU.Build.0 = Debug|Any CPU
		{45D2BFCB-2525-42B6-9324-B8C6479C89CE}.Release|Any CPU.ActiveCfg = Release|Any CPU
		{45D2BFCB-2525-42B6-9324-B8C6479C89CE}.Release|Any CPU.Build.0 = Release|Any CPU
		{B3C35471-E2FA-48B5-83CA-0B73B458200C}.Debug|Any CPU.ActiveCfg = Debug|Any CPU
		{B3C35471-E2FA-48B5-83CA-0B73B458200C}.Debug|Any CPU.Build.0 = Debug|Any CPU
		{B3C35471-E2FA-48B5-83CA-0B73B458200C}.Release|Any CPU.ActiveCfg = Release|Any CPU
		{B3C35471-E2FA-48B5-83CA-0B73B458200C}.Release|Any CPU.Build.0 = Release|Any CPU
		{B7232537-6D5F-4740-A0C0-D69421FD57ED}.Debug|Any CPU.ActiveCfg = Debug|Any CPU
		{B7232537-6D5F-4740-A0C0-D69421FD57ED}.Debug|Any CPU.Build.0 = Debug|Any CPU
		{B7232537-6D5F-4740-A0C0-D69421FD57ED}.Release|Any CPU.ActiveCfg = Release|Any CPU
		{B7232537-6D5F-4740-A0C0-D69421FD57ED}.Release|Any CPU.Build.0 = Release|Any CPU
		{824B225B-3447-4BCF-9869-FE7A8942E5F5}.Debug|Any CPU.ActiveCfg = Debug|Any CPU
		{824B225B-3447-4BCF-9869-FE7A8942E5F5}.Debug|Any CPU.Build.0 = Debug|Any CPU
		{824B225B-3447-4BCF-9869-FE7A8942E5F5}.Release|Any CPU.ActiveCfg = Release|Any CPU
		{824B225B-3447-4BCF-9869-FE7A8942E5F5}.Release|Any CPU.Build.0 = Release|Any CPU
		{610EB7FA-9D7D-409A-AC34-A16ACBADEFB5}.Debug|Any CPU.ActiveCfg = Debug|Any CPU
		{610EB7FA-9D7D-409A-AC34-A16ACBADEFB5}.Debug|Any CPU.Build.0 = Debug|Any CPU
		{610EB7FA-9D7D-409A-AC34-A16ACBADEFB5}.Release|Any CPU.ActiveCfg = Release|Any CPU
		{610EB7FA-9D7D-409A-AC34-A16ACBADEFB5}.Release|Any CPU.Build.0 = Release|Any CPU
		{9FCA52A9-6E29-4150-B3D5-7FC434BAEBD3}.Debug|Any CPU.ActiveCfg = Debug|Any CPU
		{9FCA52A9-6E29-4150-B3D5-7FC434BAEBD3}.Debug|Any CPU.Build.0 = Debug|Any CPU
		{9FCA52A9-6E29-4150-B3D5-7FC434BAEBD3}.Release|Any CPU.ActiveCfg = Release|Any CPU
		{9FCA52A9-6E29-4150-B3D5-7FC434BAEBD3}.Release|Any CPU.Build.0 = Release|Any CPU
		{CE0F9B82-C0A3-4C0A-B5E7-9FC5FBE6343A}.Debug|Any CPU.ActiveCfg = Debug|Any CPU
		{CE0F9B82-C0A3-4C0A-B5E7-9FC5FBE6343A}.Debug|Any CPU.Build.0 = Debug|Any CPU
		{CE0F9B82-C0A3-4C0A-B5E7-9FC5FBE6343A}.Release|Any CPU.ActiveCfg = Release|Any CPU
		{CE0F9B82-C0A3-4C0A-B5E7-9FC5FBE6343A}.Release|Any CPU.Build.0 = Release|Any CPU
		{79FA7090-2157-4353-A46E-B758901DA136}.Debug|Any CPU.ActiveCfg = Debug|Any CPU
		{79FA7090-2157-4353-A46E-B758901DA136}.Debug|Any CPU.Build.0 = Debug|Any CPU
		{79FA7090-2157-4353-A46E-B758901DA136}.Release|Any CPU.ActiveCfg = Release|Any CPU
		{79FA7090-2157-4353-A46E-B758901DA136}.Release|Any CPU.Build.0 = Release|Any CPU
		{33CFD171-DBD2-470A-AA1F-E880592417EF}.Debug|Any CPU.ActiveCfg = Debug|Any CPU
		{33CFD171-DBD2-470A-AA1F-E880592417EF}.Debug|Any CPU.Build.0 = Debug|Any CPU
		{33CFD171-DBD2-470A-AA1F-E880592417EF}.Release|Any CPU.ActiveCfg = Release|Any CPU
		{33CFD171-DBD2-470A-AA1F-E880592417EF}.Release|Any CPU.Build.0 = Release|Any CPU
		{6C51B210-CF46-4252-871F-1FB9F3B6446B}.Debug|Any CPU.ActiveCfg = Debug|Any CPU
		{6C51B210-CF46-4252-871F-1FB9F3B6446B}.Debug|Any CPU.Build.0 = Debug|Any CPU
		{6C51B210-CF46-4252-871F-1FB9F3B6446B}.Release|Any CPU.ActiveCfg = Release|Any CPU
		{6C51B210-CF46-4252-871F-1FB9F3B6446B}.Release|Any CPU.Build.0 = Release|Any CPU
		{267A1BAD-E1C4-44CC-B8D0-C4C9DCA4947D}.Debug|Any CPU.ActiveCfg = Debug|Any CPU
		{267A1BAD-E1C4-44CC-B8D0-C4C9DCA4947D}.Debug|Any CPU.Build.0 = Debug|Any CPU
		{267A1BAD-E1C4-44CC-B8D0-C4C9DCA4947D}.Release|Any CPU.ActiveCfg = Release|Any CPU
		{267A1BAD-E1C4-44CC-B8D0-C4C9DCA4947D}.Release|Any CPU.Build.0 = Release|Any CPU
		{17B65181-B733-4F3A-8180-BF3DD4B31321}.Debug|Any CPU.ActiveCfg = Debug|Any CPU
		{17B65181-B733-4F3A-8180-BF3DD4B31321}.Debug|Any CPU.Build.0 = Debug|Any CPU
		{17B65181-B733-4F3A-8180-BF3DD4B31321}.Release|Any CPU.ActiveCfg = Release|Any CPU
		{17B65181-B733-4F3A-8180-BF3DD4B31321}.Release|Any CPU.Build.0 = Release|Any CPU
		{C264333D-866F-4854-88F7-1E7FA900F73B}.Debug|Any CPU.ActiveCfg = Debug|Any CPU
		{C264333D-866F-4854-88F7-1E7FA900F73B}.Debug|Any CPU.Build.0 = Debug|Any CPU
		{C264333D-866F-4854-88F7-1E7FA900F73B}.Release|Any CPU.ActiveCfg = Release|Any CPU
		{C264333D-866F-4854-88F7-1E7FA900F73B}.Release|Any CPU.Build.0 = Release|Any CPU
		{84545C25-F73A-48FD-A944-5E75468A7574}.Debug|Any CPU.ActiveCfg = Debug|Any CPU
		{84545C25-F73A-48FD-A944-5E75468A7574}.Debug|Any CPU.Build.0 = Debug|Any CPU
		{84545C25-F73A-48FD-A944-5E75468A7574}.Release|Any CPU.ActiveCfg = Release|Any CPU
		{84545C25-F73A-48FD-A944-5E75468A7574}.Release|Any CPU.Build.0 = Release|Any CPU
		{8032269A-B489-4063-926A-361075391C60}.Debug|Any CPU.ActiveCfg = Debug|Any CPU
		{8032269A-B489-4063-926A-361075391C60}.Debug|Any CPU.Build.0 = Debug|Any CPU
		{8032269A-B489-4063-926A-361075391C60}.Release|Any CPU.ActiveCfg = Release|Any CPU
		{8032269A-B489-4063-926A-361075391C60}.Release|Any CPU.Build.0 = Release|Any CPU
		{98439555-32AC-48B9-BAF0-24A003A4DEC8}.Debug|Any CPU.ActiveCfg = Debug|Any CPU
		{98439555-32AC-48B9-BAF0-24A003A4DEC8}.Debug|Any CPU.Build.0 = Debug|Any CPU
		{98439555-32AC-48B9-BAF0-24A003A4DEC8}.Release|Any CPU.ActiveCfg = Release|Any CPU
		{98439555-32AC-48B9-BAF0-24A003A4DEC8}.Release|Any CPU.Build.0 = Release|Any CPU
		{C750ACB8-A632-4148-BBC0-9A1BCC9E9E45}.Debug|Any CPU.ActiveCfg = Debug|Any CPU
		{C750ACB8-A632-4148-BBC0-9A1BCC9E9E45}.Debug|Any CPU.Build.0 = Debug|Any CPU
		{C750ACB8-A632-4148-BBC0-9A1BCC9E9E45}.Release|Any CPU.ActiveCfg = Release|Any CPU
		{C750ACB8-A632-4148-BBC0-9A1BCC9E9E45}.Release|Any CPU.Build.0 = Release|Any CPU
	EndGlobalSection
	GlobalSection(SolutionProperties) = preSolution
		HideSolutionNode = FALSE
	EndGlobalSection
	GlobalSection(NestedProjects) = preSolution
		{45D2BFCB-2525-42B6-9324-B8C6479C89CE} = {3C0B887B-B90B-4031-A07E-DB8D36A7D4B6}
		{B3C35471-E2FA-48B5-83CA-0B73B458200C} = {3C0B887B-B90B-4031-A07E-DB8D36A7D4B6}
		{B7232537-6D5F-4740-A0C0-D69421FD57ED} = {3C0B887B-B90B-4031-A07E-DB8D36A7D4B6}
		{824B225B-3447-4BCF-9869-FE7A8942E5F5} = {3C0B887B-B90B-4031-A07E-DB8D36A7D4B6}
		{610EB7FA-9D7D-409A-AC34-A16ACBADEFB5} = {3C0B887B-B90B-4031-A07E-DB8D36A7D4B6}
		{9FCA52A9-6E29-4150-B3D5-7FC434BAEBD3} = {3C0B887B-B90B-4031-A07E-DB8D36A7D4B6}
		{CE0F9B82-C0A3-4C0A-B5E7-9FC5FBE6343A} = {3C0B887B-B90B-4031-A07E-DB8D36A7D4B6}
		{79FA7090-2157-4353-A46E-B758901DA136} = {3C0B887B-B90B-4031-A07E-DB8D36A7D4B6}
		{33CFD171-DBD2-470A-AA1F-E880592417EF} = {3C0B887B-B90B-4031-A07E-DB8D36A7D4B6}
		{6C51B210-CF46-4252-871F-1FB9F3B6446B} = {3C0B887B-B90B-4031-A07E-DB8D36A7D4B6}
		{267A1BAD-E1C4-44CC-B8D0-C4C9DCA4947D} = {3C0B887B-B90B-4031-A07E-DB8D36A7D4B6}
		{17B65181-B733-4F3A-8180-BF3DD4B31321} = {3C0B887B-B90B-4031-A07E-DB8D36A7D4B6}
		{C264333D-866F-4854-88F7-1E7FA900F73B} = {BF22D254-B53F-4094-8A08-433997D954A7}
		{84545C25-F73A-48FD-A944-5E75468A7574} = {BF22D254-B53F-4094-8A08-433997D954A7}
		{8032269A-B489-4063-926A-361075391C60} = {3C0B887B-B90B-4031-A07E-DB8D36A7D4B6}
		{98439555-32AC-48B9-BAF0-24A003A4DEC8} = {BBA02F4B-F708-4E64-AA69-BEE7078EC803}
		{C750ACB8-A632-4148-BBC0-9A1BCC9E9E45} = {BBA02F4B-F708-4E64-AA69-BEE7078EC803}
	EndGlobalSection
	GlobalSection(ExtensibilityGlobals) = postSolution
		SolutionGuid = {6FCD3CAE-A781-4930-98CF-590909FFF89D}
	EndGlobalSection
EndGlobal
